{
  "lockfileVersion": 1,
  "configVersion": 1,
  "workspaces": {
    "": {
      "name": "nova-store",
    },
    "apps/api": {
      "name": "@nova/api",
      "version": "0.0.0",
    },
    "apps/web": {
      "name": "@nova/web",
      "version": "0.0.0",
    },
    "apps/worker": {
      "name": "@nova/worker",
      "version": "0.0.0",
    },
    "packages/api-client": {
      "name": "@nova/api-client",
      "version": "0.0.0",
    },
    "packages/config": {
      "name": "@nova/config",
      "version": "0.0.0",
    },
    "packages/db": {
      "name": "@nova/db",
      "version": "0.0.0",
    },
    "packages/ui": {
      "name": "@nova/ui",
      "version": "0.0.0",
    },
  },
  "packages": {
    "@nova/api": ["@nova/api@workspace:apps/api"],

    "@nova/api-client": ["@nova/api-client@workspace:packages/api-client"],

    "@nova/config": ["@nova/config@workspace:packages/config"],

    "@nova/db": ["@nova/db@workspace:packages/db"],

    "@nova/ui": ["@nova/ui@workspace:packages/ui"],

    "@nova/web": ["@nova/web@workspace:apps/web"],

    "@nova/worker": ["@nova/worker@workspace:apps/worker"],
  }
}
